
Microsoft Visual Studio Solution File, Format Version 12.00
# Visual Studio Version 17
VisualStudioVersion = 17.2.32526.322
MinimumVisualStudioVersion = 10.0.40219.1
Project("{FAE04EC0-301F-11D3-BF4B-00C04F79EFBC}") = "CodeChallange", "CodeChallange\CodeChallange.csproj", "{5F618E6B-B81A-4D19-966F-4C0384A63A99}"
EndProject
Global
	GlobalSection(SolutionConfigurationPlatforms) = preSolution
		Debug|Any CPU = Debug|Any CPU
		Release|Any CPU = Release|Any CPU
	EndGlobalSection
	GlobalSection(ProjectConfigurationPlatforms) = postSolution
		{5F618E6B-B81A-4D19-966F-4C0384A63A99}.Debug|Any CPU.ActiveCfg = Debug|Any CPU
		{5F618E6B-B81A-4D19-966F-4C0384A63A99}.Debug|Any CPU.Build.0 = Debug|Any CPU
		{5F618E6B-B81A-4D19-966F-4C0384A63A99}.Release|Any CPU.ActiveCfg = Release|Any CPU
		{5F618E6B-B81A-4D19-966F-4C0384A63A99}.Release|Any CPU.Build.0 = Release|Any CPU
	EndGlobalSection
	GlobalSection(SolutionProperties) = preSolution
		HideSolutionNode = FALSE
	EndGlobalSection
	GlobalSection(ExtensibilityGlobals) = postSolution
		SolutionGuid = {8778B5B3-ABED-4530-A92B-28347B76AA23}
	EndGlobalSection
EndGlobal
