
Microsoft Visual Studio Solution File, Format Version 12.00
# Visual Studio Version 17
VisualStudioVersion = 17.2.32526.322
MinimumVisualStudioVersion = 10.0.40219.1
Project("{9A19103F-16F7-4668-BE54-9A1E7A4F7556}") = "FileWatcherService", "FileWatcherService\FileWatcherService.csproj", "{5F618E6B-B81A-4D19-966F-4C0384A63A99}"
EndProject
Project("{9A19103F-16F7-4668-BE54-9A1E7A4F7556}") = "Processor", "Processor\Processor.csproj", "{2ABD1B4B-6EEE-40BF-8890-6098ABA4D7A8}"
EndProject
Project("{2150E333-8FDC-42A3-9474-1A3956D46DE8}") = "Solution Items", "Solution Items", "{EA4BD993-8676-4255-9E37-1900B2CF52F1}"
	ProjectSection(SolutionItems) = preProject
		ReferenceDirectory\ReferenceData.xml = ReferenceDirectory\ReferenceData.xml
	EndProjectSection
EndProject
Global
	GlobalSection(SolutionConfigurationPlatforms) = preSolution
		Debug|Any CPU = Debug|Any CPU
		Release|Any CPU = Release|Any CPU
	EndGlobalSection
	GlobalSection(ProjectConfigurationPlatforms) = postSolution
		{5F618E6B-B81A-4D19-966F-4C0384A63A99}.Debug|Any CPU.ActiveCfg = Debug|Any CPU
		{5F618E6B-B81A-4D19-966F-4C0384A63A99}.Debug|Any CPU.Build.0 = Debug|Any CPU
		{5F618E6B-B81A-4D19-966F-4C0384A63A99}.Release|Any CPU.ActiveCfg = Release|Any CPU
		{5F618E6B-B81A-4D19-966F-4C0384A63A99}.Release|Any CPU.Build.0 = Release|Any CPU
		{2ABD1B4B-6EEE-40BF-8890-6098ABA4D7A8}.Debug|Any CPU.ActiveCfg = Debug|Any CPU
		{2ABD1B4B-6EEE-40BF-8890-6098ABA4D7A8}.Debug|Any CPU.Build.0 = Debug|Any CPU
		{2ABD1B4B-6EEE-40BF-8890-6098ABA4D7A8}.Release|Any CPU.ActiveCfg = Release|Any CPU
		{2ABD1B4B-6EEE-40BF-8890-6098ABA4D7A8}.Release|Any CPU.Build.0 = Release|Any CPU
	EndGlobalSection
	GlobalSection(SolutionProperties) = preSolution
		HideSolutionNode = FALSE
	EndGlobalSection
	GlobalSection(ExtensibilityGlobals) = postSolution
		SolutionGuid = {8778B5B3-ABED-4530-A92B-28347B76AA23}
	EndGlobalSection
EndGlobal
